{
  "pins" : [
    {
      "identity" : "kingfisher",
      "kind" : "remoteSourceControl",
      "location" : "https://github.com/onevcat/Kingfisher",
      "state" : {
        "branch" : "master",
        "revision" : "bef0d09d2cab299fdeb2446de080df9f2b7dee91"
      }
    }
  ],
  "version" : 2
}
